Microsoft Visual Studio Solution File, Format Version 12.00
# Visual Studio Version 17
VisualStudioVersion = 17.5.2.0
MinimumVisualStudioVersion = 10.0.40219.1
Project("{FAE04EC0-301F-11D3-BF4B-00C04F79EFBC}") = "MyAzureWebApp", "src\MyAzureWebApp.csproj", "{74BF9661-F72B-A923-4EBB-BDC6E0318CCD}"
EndProject
Global
	GlobalSection(SolutionConfigurationPlatforms) = preSolution
		Debug|Any CPU = Debug|Any CPU
		Release|Any CPU = Release|Any CPU
	EndGlobalSection
	GlobalSection(ProjectConfigurationPlatforms) = postSolution
		{74BF9661-F72B-A923-4EBB-BDC6E0318CCD}.Debug|Any CPU.ActiveCfg = Debug|Any CPU
		{74BF9661-F72B-A923-4EBB-BDC6E0318CCD}.Debug|Any CPU.Build.0 = Debug|Any CPU
		{74BF9661-F72B-A923-4EBB-BDC6E0318CCD}.Release|Any CPU.ActiveCfg = Release|Any CPU
		{74BF9661-F72B-A923-4EBB-BDC6E0318CCD}.Release|Any CPU.Build.0 = Release|Any CPU
	EndGlobalSection
	GlobalSection(SolutionProperties) = preSolution
		HideSolutionNode = FALSE
	EndGlobalSection
	GlobalSection(ExtensibilityGlobals) = postSolution
		SolutionGuid = {452E2C6E-DD8F-45D4-8664-B5ABE566BCB3}
	EndGlobalSection
EndGlobal
